
Microsoft Visual Studio Solution File, Format Version 12.00
# Visual Studio 2013
VisualStudioVersion = 12.0.21005.1
MinimumVisualStudioVersion = 10.0.40219.1
Project("{FAE04EC0-301F-11D3-BF4B-00C04F79EFBC}") = "Aetos.Messaging.Consoles.Publisher", "Aetos.Messaging.Consoles.Publisher\Aetos.Messaging.Consoles.Publisher.csproj", "{7ED72F93-1B40-4155-876B-11F28BEF7410}"
EndProject
Project("{2150E333-8FDC-42A3-9474-1A3956D46DE8}") = "Domain", "Domain", "{62292B81-4228-4B13-84A0-7BCF72FEC91D}"
EndProject
Project("{2150E333-8FDC-42A3-9474-1A3956D46DE8}") = "Consoles", "Consoles", "{33808298-2264-4F48-A26C-2BF6A024ECF1}"
EndProject
Project("{FAE04EC0-301F-11D3-BF4B-00C04F79EFBC}") = "Aetos.Messaging.Interfaces", "Aetos.Messaging.Interfaces\Aetos.Messaging.Interfaces.csproj", "{9047D197-C6BE-436D-AD6B-671D2432DC3E}"
EndProject
Project("{FAE04EC0-301F-11D3-BF4B-00C04F79EFBC}") = "Aetos.Messaging.Common", "Aetos.Messaging.Common\Aetos.Messaging.Common.csproj", "{D50BC58B-0322-4E1A-8455-E5A14998A983}"
EndProject
Project("{FAE04EC0-301F-11D3-BF4B-00C04F79EFBC}") = "Aetos.Messaging.Domain", "Aetos.Messaging.Domain\Aetos.Messaging.Domain.csproj", "{434B1256-13A8-4CCA-BFD7-EA0D53F757D8}"
EndProject
Project("{2150E333-8FDC-42A3-9474-1A3956D46DE8}") = "Cloud", "Cloud", "{6D071908-9195-466D-9E32-6FD054FA6E61}"
EndProject
Project("{FAE04EC0-301F-11D3-BF4B-00C04F79EFBC}") = "Aetos.Messaging.Azure", "Aetos.Messaging.Azure\Aetos.Messaging.Azure.csproj", "{7D965A87-57C2-4315-81F0-C571EE0CEC0F}"
EndProject
Project("{FAE04EC0-301F-11D3-BF4B-00C04F79EFBC}") = "Aetos.Messaging.Consoles.Subscriber", "Aetos.Messaging.Consoles.Subscriber\Aetos.Messaging.Consoles.Subscriber.csproj", "{76D22819-9E2D-4DED-A8A7-0FA5CAE26375}"
EndProject
Project("{FAE04EC0-301F-11D3-BF4B-00C04F79EFBC}") = "Aetos.Messaging.Handlers", "Aetos.Messaging.Handlers\Aetos.Messaging.Handlers.csproj", "{15830D4F-6D2C-4DAF-A478-D61693B92A71}"
EndProject
Global
	GlobalSection(SolutionConfigurationPlatforms) = preSolution
		Debug|Any CPU = Debug|Any CPU
		Release|Any CPU = Release|Any CPU
	EndGlobalSection
	GlobalSection(ProjectConfigurationPlatforms) = postSolution
		{7ED72F93-1B40-4155-876B-11F28BEF7410}.Debug|Any CPU.ActiveCfg = Debug|Any CPU
		{7ED72F93-1B40-4155-876B-11F28BEF7410}.Debug|Any CPU.Build.0 = Debug|Any CPU
		{7ED72F93-1B40-4155-876B-11F28BEF7410}.Release|Any CPU.ActiveCfg = Release|Any CPU
		{7ED72F93-1B40-4155-876B-11F28BEF7410}.Release|Any CPU.Build.0 = Release|Any CPU
		{9047D197-C6BE-436D-AD6B-671D2432DC3E}.Debug|Any CPU.ActiveCfg = Debug|Any CPU
		{9047D197-C6BE-436D-AD6B-671D2432DC3E}.Debug|Any CPU.Build.0 = Debug|Any CPU
		{9047D197-C6BE-436D-AD6B-671D2432DC3E}.Release|Any CPU.ActiveCfg = Release|Any CPU
		{9047D197-C6BE-436D-AD6B-671D2432DC3E}.Release|Any CPU.Build.0 = Release|Any CPU
		{D50BC58B-0322-4E1A-8455-E5A14998A983}.Debug|Any CPU.ActiveCfg = Debug|Any CPU
		{D50BC58B-0322-4E1A-8455-E5A14998A983}.Debug|Any CPU.Build.0 = Debug|Any CPU
		{D50BC58B-0322-4E1A-8455-E5A14998A983}.Release|Any CPU.ActiveCfg = Release|Any CPU
		{D50BC58B-0322-4E1A-8455-E5A14998A983}.Release|Any CPU.Build.0 = Release|Any CPU
		{434B1256-13A8-4CCA-BFD7-EA0D53F757D8}.Debug|Any CPU.ActiveCfg = Debug|Any CPU
		{434B1256-13A8-4CCA-BFD7-EA0D53F757D8}.Debug|Any CPU.Build.0 = Debug|Any CPU
		{434B1256-13A8-4CCA-BFD7-EA0D53F757D8}.Release|Any CPU.ActiveCfg = Release|Any CPU
		{434B1256-13A8-4CCA-BFD7-EA0D53F757D8}.Release|Any CPU.Build.0 = Release|Any CPU
		{7D965A87-57C2-4315-81F0-C571EE0CEC0F}.Debug|Any CPU.ActiveCfg = Debug|Any CPU
		{7D965A87-57C2-4315-81F0-C571EE0CEC0F}.Debug|Any CPU.Build.0 = Debug|Any CPU
		{7D965A87-57C2-4315-81F0-C571EE0CEC0F}.Release|Any CPU.ActiveCfg = Release|Any CPU
		{7D965A87-57C2-4315-81F0-C571EE0CEC0F}.Release|Any CPU.Build.0 = Release|Any CPU
		{76D22819-9E2D-4DED-A8A7-0FA5CAE26375}.Debug|Any CPU.ActiveCfg = Debug|Any CPU
		{76D22819-9E2D-4DED-A8A7-0FA5CAE26375}.Debug|Any CPU.Build.0 = Debug|Any CPU
		{76D22819-9E2D-4DED-A8A7-0FA5CAE26375}.Release|Any CPU.ActiveCfg = Release|Any CPU
		{76D22819-9E2D-4DED-A8A7-0FA5CAE26375}.Release|Any CPU.Build.0 = Release|Any CPU
		{15830D4F-6D2C-4DAF-A478-D61693B92A71}.Debug|Any CPU.ActiveCfg = Debug|Any CPU
		{15830D4F-6D2C-4DAF-A478-D61693B92A71}.Debug|Any CPU.Build.0 = Debug|Any CPU
		{15830D4F-6D2C-4DAF-A478-D61693B92A71}.Release|Any CPU.ActiveCfg = Release|Any CPU
		{15830D4F-6D2C-4DAF-A478-D61693B92A71}.Release|Any CPU.Build.0 = Release|Any CPU
	EndGlobalSection
	GlobalSection(SolutionProperties) = preSolution
		HideSolutionNode = FALSE
	EndGlobalSection
	GlobalSection(NestedProjects) = preSolution
		{7ED72F93-1B40-4155-876B-11F28BEF7410} = {33808298-2264-4F48-A26C-2BF6A024ECF1}
		{76D22819-9E2D-4DED-A8A7-0FA5CAE26375} = {33808298-2264-4F48-A26C-2BF6A024ECF1}
		{9047D197-C6BE-436D-AD6B-671D2432DC3E} = {62292B81-4228-4B13-84A0-7BCF72FEC91D}
		{D50BC58B-0322-4E1A-8455-E5A14998A983} = {62292B81-4228-4B13-84A0-7BCF72FEC91D}
		{434B1256-13A8-4CCA-BFD7-EA0D53F757D8} = {62292B81-4228-4B13-84A0-7BCF72FEC91D}
		{15830D4F-6D2C-4DAF-A478-D61693B92A71} = {62292B81-4228-4B13-84A0-7BCF72FEC91D}
		{7D965A87-57C2-4315-81F0-C571EE0CEC0F} = {6D071908-9195-466D-9E32-6FD054FA6E61}
	EndGlobalSection
EndGlobal
